
Microsoft Visual Studio Solution File, Format Version 12.00
# Visual Studio Version 17
VisualStudioVersion = 17.5.002.0
MinimumVisualStudioVersion = 10.0.40219.1
Project("{9A19103F-16F7-4668-BE54-9A1E7A4F7556}") = "HomeWork_01", "HomeWork_01\HomeWork_01.csproj", "{3E46F6CC-0F04-4058-9FAF-A50DEF813834}"
EndProject
Global
	GlobalSection(SolutionConfigurationPlatforms) = preSolution
		Debug|Any CPU = Debug|Any CPU
		Release|Any CPU = Release|Any CPU
	EndGlobalSection
	GlobalSection(ProjectConfigurationPlatforms) = postSolution
		{3E46F6CC-0F04-4058-9FAF-A50DEF813834}.Debug|Any CPU.ActiveCfg = Debug|Any CPU
		{3E46F6CC-0F04-4058-9FAF-A50DEF813834}.Debug|Any CPU.Build.0 = Debug|Any CPU
		{3E46F6CC-0F04-4058-9FAF-A50DEF813834}.Release|Any CPU.ActiveCfg = Release|Any CPU
		{3E46F6CC-0F04-4058-9FAF-A50DEF813834}.Release|Any CPU.Build.0 = Release|Any CPU
	EndGlobalSection
	GlobalSection(SolutionProperties) = preSolution
		HideSolutionNode = FALSE
	EndGlobalSection
	GlobalSection(ExtensibilityGlobals) = postSolution
		SolutionGuid = {EE6886B7-09F1-432A-BE90-B59F03A73571}
	EndGlobalSection
EndGlobal
